<?xml version="1.0" encoding="utf-8"?>
<Project ToolsVersion="4.0" xmlns="http://schemas.microsoft.com/developer/msbuild/2003">
  <ItemGroup>
    <Filter Include="소스 파일">
      <UniqueIdentifier>{4FC737F1-C7A5-4376-A066-2A32D752A2FF}</UniqueIdentifier>
      <Extensions>cpp;c;cc;cxx;c++;cppm;ixx;def;odl;idl;hpj;bat;asm;asmx</Extensions>
    </Filter>
    <Filter Include="헤더 파일">
      <UniqueIdentifier>{93995380-89BD-4b04-88EB-625FBE52EBFB}</UniqueIdentifier>
      <Extensions>h;hh;hpp;hxx;h++;hm;inl;inc;ipp;xsd</Extensions>
    </Filter>
    <Filter Include="리소스 파일">
      <UniqueIdentifier>{67DA6AB6-F800-4c08-8B7A-83BB121AAD01}</UniqueIdentifier>
      <Extensions>rc;ico;cur;bmp;dlg;rc2;rct;bin;rgs;gif;jpg;jpeg;jpe;resx;tiff;tif;png;wav;mfcribbon-ms</Extensions>
    </Filter>
  </ItemGroup>
  <ItemGroup>
    <ClInclude Include="회사 외주 프로그램.h">
      <Filter>헤더 파일</Filter>
    </ClInclude>
    <ClInclude Include="회사 외주 프로그램Dlg.h">
      <Filter>헤더 파일</Filter>
    </ClInclude>
    <ClInclude Include="framework.h">
      <Filter>헤더 파일</Filter>
    </ClInclude>
    <ClInclude Include="targetver.h">
      <Filter>헤더 파일</Filter>
    </ClInclude>
    <ClInclude Include="Resource.h">
      <Filter>헤더 파일</Filter>
    </ClInclude>
    <ClInclude Include="pch.h">
      <Filter>헤더 파일</Filter>
    </ClInclude>
    <ClInclude Include="AddDialog.h">
      <Filter>헤더 파일</Filter>
    </ClInclude>
    <ClInclude Include="AddInfoEventHandler.h">
      <Filter>헤더 파일</Filter>
    </ClInclude>
    <ClInclude Include="Info.h">
      <Filter>헤더 파일</Filter>
    </ClInclude>
    <ClInclude Include="InfoManager.h">
      <Filter>헤더 파일</Filter>
    </ClInclude>
    <ClInclude Include="EndDialogEventHandler.h">
      <Filter>헤더 파일</Filter>
    </ClInclude>
    <ClInclude Include="LoginDialog.h">
      <Filter>헤더 파일</Filter>
    </ClInclude>
    <ClInclude Include="Member.h">
      <Filter>헤더 파일</Filter>
    </ClInclude>
    <ClInclude Include="ModifyDialog.h">
      <Filter>헤더 파일</Filter>
    </ClInclude>
    <ClInclude Include="VerifyDialog.h">
      <Filter>헤더 파일</Filter>
    </ClInclude>
  </ItemGroup>
  <ItemGroup>
    <ClCompile Include="회사 외주 프로그램.cpp">
      <Filter>소스 파일</Filter>
    </ClCompile>
    <ClCompile Include="회사 외주 프로그램Dlg.cpp">
      <Filter>소스 파일</Filter>
    </ClCompile>
    <ClCompile Include="pch.cpp">
      <Filter>소스 파일</Filter>
    </ClCompile>
    <ClCompile Include="AddDialog.cpp">
      <Filter>소스 파일</Filter>
    </ClCompile>
    <ClCompile Include="AddInfoEventHandler.cpp">
      <Filter>소스 파일</Filter>
    </ClCompile>
    <ClCompile Include="Info.cpp">
      <Filter>소스 파일</Filter>
    </ClCompile>
    <ClCompile Include="InfoManager.cpp">
      <Filter>소스 파일</Filter>
    </ClCompile>
    <ClCompile Include="EndDialogEventHandler.cpp">
      <Filter>소스 파일</Filter>
    </ClCompile>
    <ClCompile Include="LoginDialog.cpp">
      <Filter>소스 파일</Filter>
    </ClCompile>
    <ClCompile Include="Member.cpp">
      <Filter>소스 파일</Filter>
    </ClCompile>
    <ClCompile Include="ModifyDialog.cpp">
      <Filter>소스 파일</Filter>
    </ClCompile>
    <ClCompile Include="VerifyDialog.cpp">
      <Filter>소스 파일</Filter>
    </ClCompile>
  </ItemGroup>
  <ItemGroup>
    <ResourceCompile Include="My.rc">
      <Filter>리소스 파일</Filter>
    </ResourceCompile>
  </ItemGroup>
  <ItemGroup>
    <None Include="res\My.rc2">
      <Filter>리소스 파일</Filter>
    </None>
  </ItemGroup>
  <ItemGroup>
    <Image Include="res\회사 외주 프로그램.ico">
      <Filter>리소스 파일</Filter>
    </Image>
    <Image Include="..\..\기업 사진들\AP.bmp">
      <Filter>리소스 파일</Filter>
    </Image>
    <Image Include="..\..\기업 사진들\앰케이.bmp">
      <Filter>리소스 파일</Filter>
    </Image>
    <Image Include="..\..\기업 사진들\피에스케이.bmp">
      <Filter>리소스 파일</Filter>
    </Image>
    <Image Include="..\..\기업 사진들\한미반도체.bmp">
      <Filter>리소스 파일</Filter>
    </Image>
    <Image Include="..\..\기업 사진들\SK 하이닉스.bmp">
      <Filter>리소스 파일</Filter>
    </Image>
    <Image Include="..\..\기업 사진들\램테크놀로지.bmp">
      <Filter>리소스 파일</Filter>
    </Image>
    <Image Include="..\..\기업 사진들\실트론.bmp">
      <Filter>리소스 파일</Filter>
    </Image>
    <Image Include="..\..\기업 사진들\에스엔에스텍.bmp">
      <Filter>리소스 파일</Filter>
    </Image>
    <Image Include="..\..\기업 사진들\원익 IPS.bmp">
      <Filter>리소스 파일</Filter>
    </Image>
    <Image Include="..\..\기업 사진들\noimage.bmp">
      <Filter>리소스 파일</Filter>
    </Image>
  </ItemGroup>
</Project>